
Microsoft Visual Studio Solution File, Format Version 12.00
# Visual Studio Version 17
VisualStudioVersion = 17.13.35818.85 d17.13
MinimumVisualStudioVersion = 10.0.40219.1
Project("{FAE04EC0-301F-11D3-BF4B-00C04F79EFBC}") = "LAB1_DangAnhQuan", "LAB1_DangAnhQuan\LAB1_DangAnhQuan.csproj", "{05A5DC6B-54B0-4714-8FB0-348764FFB30F}"
EndProject
Global
	GlobalSection(SolutionConfigurationPlatforms) = preSolution
		Debug|Any CPU = Debug|Any CPU
		Release|Any CPU = Release|Any CPU
	EndGlobalSection
	GlobalSection(ProjectConfigurationPlatforms) = postSolution
		{05A5DC6B-54B0-4714-8FB0-348764FFB30F}.Debug|Any CPU.ActiveCfg = Debug|Any CPU
		{05A5DC6B-54B0-4714-8FB0-348764FFB30F}.Debug|Any CPU.Build.0 = Debug|Any CPU
		{05A5DC6B-54B0-4714-8FB0-348764FFB30F}.Release|Any CPU.ActiveCfg = Release|Any CPU
		{05A5DC6B-54B0-4714-8FB0-348764FFB30F}.Release|Any CPU.Build.0 = Release|Any CPU
	EndGlobalSection
	GlobalSection(SolutionProperties) = preSolution
		HideSolutionNode = FALSE
	EndGlobalSection
	GlobalSection(ExtensibilityGlobals) = postSolution
		SolutionGuid = {19BF5475-784A-4DCE-995B-6B75E2DCB816}
	EndGlobalSection
EndGlobal
